
Microsoft Visual Studio Solution File, Format Version 12.00
# Visual Studio Version 16
VisualStudioVersion = 16.0.30517.126
MinimumVisualStudioVersion = 10.0.40219.1
Project("{FAE04EC0-301F-11D3-BF4B-00C04F79EFBC}") = "MusicDemoPlayer", "MusicDemoPlayer\MusicDemoPlayer.csproj", "{9EFADB86-2CBC-4B19-9973-043F2A4F2E31}"
EndProject
Global
	GlobalSection(SolutionConfigurationPlatforms) = preSolution
		Debug|Any CPU = Debug|Any CPU
		Release|Any CPU = Release|Any CPU
	EndGlobalSection
	GlobalSection(ProjectConfigurationPlatforms) = postSolution
		{9EFADB86-2CBC-4B19-9973-043F2A4F2E31}.Debug|Any CPU.ActiveCfg = Debug|Any CPU
		{9EFADB86-2CBC-4B19-9973-043F2A4F2E31}.Debug|Any CPU.Build.0 = Debug|Any CPU
		{9EFADB86-2CBC-4B19-9973-043F2A4F2E31}.Release|Any CPU.ActiveCfg = Release|Any CPU
		{9EFADB86-2CBC-4B19-9973-043F2A4F2E31}.Release|Any CPU.Build.0 = Release|Any CPU
	EndGlobalSection
	GlobalSection(SolutionProperties) = preSolution
		HideSolutionNode = FALSE
	EndGlobalSection
	GlobalSection(ExtensibilityGlobals) = postSolution
		SolutionGuid = {6C4C64C1-B9A7-4B7D-804F-A89B3B258541}
	EndGlobalSection
EndGlobal
